// !$*UTF8*$!
{
	archiveVersion = 1;
	classes = {
	};
	objectVersion = 50;
	objects = {

/* Begin PBXBuildFile section */
		06D26DBAE46EA9359F86AD05 /* Pods_Dot_Wallet.framework in Frameworks */ = {isa = PBXBuildFile; fileRef = D5DDA9268F31B9E29C4F2A18 /* Pods_Dot_Wallet.framework */; };
		2F0EFC7D21063937003EF740 /* AppDelegate.swift in Sources */ = {isa = PBXBuildFile; fileRef = 2F0EFC7C21063937003EF740 /* AppDelegate.swift */; };
		2F0EFC7F21063937003EF740 /* WalletHomeViewController.swift in Sources */ = {isa = PBXBuildFile; fileRef = 2F0EFC7E21063937003EF740 /* WalletHomeViewController.swift */; };
		2F0EFC8221063937003EF740 /* Main.storyboard in Resources */ = {isa = PBXBuildFile; fileRef = 2F0EFC8021063937003EF740 /* Main.storyboard */; };
		2F0EFC8421063938003EF740 /* Assets.xcassets in Resources */ = {isa = PBXBuildFile; fileRef = 2F0EFC8321063938003EF740 /* Assets.xcassets */; };
		2F0EFC8721063938003EF740 /* LaunchScreen.storyboard in Resources */ = {isa = PBXBuildFile; fileRef = 2F0EFC8521063938003EF740 /* LaunchScreen.storyboard */; };
		2F0EFC9221063938003EF740 /* Dot_WalletTests.swift in Sources */ = {isa = PBXBuildFile; fileRef = 2F0EFC9121063938003EF740 /* Dot_WalletTests.swift */; };
		2F0EFC9D21063938003EF740 /* Dot_WalletUITests.swift in Sources */ = {isa = PBXBuildFile; fileRef = 2F0EFC9C21063938003EF740 /* Dot_WalletUITests.swift */; };
		2F0EFCAE210639E2003EF740 /* SendViewController.swift in Sources */ = {isa = PBXBuildFile; fileRef = 2F0EFCAD210639E2003EF740 /* SendViewController.swift */; };
		2F0EFCB02106FDF0003EF740 /* CreateWalletViewController.swift in Sources */ = {isa = PBXBuildFile; fileRef = 2F0EFCAF2106FDF0003EF740 /* CreateWalletViewController.swift */; };
		2F0EFCC22106FE6F003EF740 /* WalletError.swift in Sources */ = {isa = PBXBuildFile; fileRef = 2F0EFCB62106FE6E003EF740 /* WalletError.swift */; };
		2F0EFCC32106FE6F003EF740 /* EtherWallet+Balance.swift in Sources */ = {isa = PBXBuildFile; fileRef = 2F0EFCB72106FE6E003EF740 /* EtherWallet+Balance.swift */; };
		2F0EFCC42106FE6F003EF740 /* EtherWallet+Transaction.swift in Sources */ = {isa = PBXBuildFile; fileRef = 2F0EFCB82106FE6E003EF740 /* EtherWallet+Transaction.swift */; };
		2F0EFCC52106FE6F003EF740 /* EtherWallet.swift in Sources */ = {isa = PBXBuildFile; fileRef = 2F0EFCB92106FE6E003EF740 /* EtherWallet.swift */; };
		2F0EFCC62106FE6F003EF740 /* EtherWallet+Account.swift in Sources */ = {isa = PBXBuildFile; fileRef = 2F0EFCBA2106FE6E003EF740 /* EtherWallet+Account.swift */; };
		2F0EFCC72106FE6F003EF740 /* TransactionData.swift in Sources */ = {isa = PBXBuildFile; fileRef = 2F0EFCBC2106FE6E003EF740 /* TransactionData.swift */; };
		2F0EFCC82106FE6F003EF740 /* EthplorerAPIResponse.swift in Sources */ = {isa = PBXBuildFile; fileRef = 2F0EFCBD2106FE6E003EF740 /* EthplorerAPIResponse.swift */; };
		2F0EFCC92106FE6F003EF740 /* GasStationAPIResponse.swift in Sources */ = {isa = PBXBuildFile; fileRef = 2F0EFCBE2106FE6E003EF740 /* GasStationAPIResponse.swift */; };
		2F0EFCCA2106FE6F003EF740 /* EtherscanAPIResponse.swift in Sources */ = {isa = PBXBuildFile; fileRef = 2F0EFCBF2106FE6E003EF740 /* EtherscanAPIResponse.swift */; };
		2F0EFCCC21072E38003EF740 /* TransactionViewController.swift in Sources */ = {isa = PBXBuildFile; fileRef = 2F0EFCCB21072E38003EF740 /* TransactionViewController.swift */; };
		2F0F254A213889260045F2D3 /* CollectibleDetailViewController.swift in Sources */ = {isa = PBXBuildFile; fileRef = 2F0F2549213889260045F2D3 /* CollectibleDetailViewController.swift */; };
		2F0F255021394D7D0045F2D3 /* btn_home.png in Resources */ = {isa = PBXBuildFile; fileRef = 2F0F254D21394D7A0045F2D3 /* btn_home.png */; };
		2F0F255121394D7D0045F2D3 /* btn_home@2x.png in Resources */ = {isa = PBXBuildFile; fileRef = 2F0F254E21394D7B0045F2D3 /* btn_home@2x.png */; };
		2F0F255221394D7D0045F2D3 /* btn_home@3x.png in Resources */ = {isa = PBXBuildFile; fileRef = 2F0F254F21394D7C0045F2D3 /* btn_home@3x.png */; };
		2F11AA77210C89D200790BAF /* WalletPageViewController.swift in Sources */ = {isa = PBXBuildFile; fileRef = 2F11AA76210C89D200790BAF /* WalletPageViewController.swift */; };
		2F11AA79210C8DBF00790BAF /* CollectibleListViewController.swift in Sources */ = {isa = PBXBuildFile; fileRef = 2F11AA78210C8DBF00790BAF /* CollectibleListViewController.swift */; };
		2F11AA7B210C95F700790BAF /* TokenData.swift in Sources */ = {isa = PBXBuildFile; fileRef = 2F11AA7A210C95F700790BAF /* TokenData.swift */; };
		2F11AA7D210C9F7A00790BAF /* WalletDisplayContainer.swift in Sources */ = {isa = PBXBuildFile; fileRef = 2F11AA7C210C9F7A00790BAF /* WalletDisplayContainer.swift */; };
		2F11AA7F210CEA7A00790BAF /* icon_close_button.png in Resources */ = {isa = PBXBuildFile; fileRef = 2F11AA7E210CEA7A00790BAF /* icon_close_button.png */; };
		2F11AA81210CEBA400790BAF /* ServiceTimer.swift in Sources */ = {isa = PBXBuildFile; fileRef = 2F11AA80210CEBA400790BAF /* ServiceTimer.swift */; };
		2F1F4E8821490CFA003FBF7E /* ImportWalletViewController.swift in Sources */ = {isa = PBXBuildFile; fileRef = 2F1F4E8721490CFA003FBF7E /* ImportWalletViewController.swift */; };
		2F1FB665211CE98100F2BB57 /* ERC20TokenDetailViewController.swift in Sources */ = {isa = PBXBuildFile; fileRef = 2F1FB664211CE98100F2BB57 /* ERC20TokenDetailViewController.swift */; };
		2F1FB667211D855000F2BB57 /* UIImageColors.swift in Sources */ = {isa = PBXBuildFile; fileRef = 2F1FB666211D855000F2BB57 /* UIImageColors.swift */; };
		2F2033FA21516BF900428586 /* DotCollectible.json in Resources */ = {isa = PBXBuildFile; fileRef = 2F2033F921516BF900428586 /* DotCollectible.json */; };
		2F2055722112FD55006C768E /* icon_qr.png in Resources */ = {isa = PBXBuildFile; fileRef = 2F2055702112FD54006C768E /* icon_qr.png */; };
		2F2055732112FD55006C768E /* icon_settings.png in Resources */ = {isa = PBXBuildFile; fileRef = 2F2055712112FD55006C768E /* icon_settings.png */; };
		2F2F74B321091E8200612CF4 /* TokenListViewController.swift in Sources */ = {isa = PBXBuildFile; fileRef = 2F2F74B221091E8200612CF4 /* TokenListViewController.swift */; };
		2F2F74B72109C48F00612CF4 /* icon_token_erc20.png in Resources */ = {isa = PBXBuildFile; fileRef = 2F2F74B62109C48F00612CF4 /* icon_token_erc20.png */; };
		2F3B3D252111064D00A4E651 /* ModalSlideOverViewcontroller.swift in Sources */ = {isa = PBXBuildFile; fileRef = 2F3B3D242111064D00A4E651 /* ModalSlideOverViewcontroller.swift */; };
		2F443A5A2119B57D00512BB8 /* ImportSingleton.swift in Sources */ = {isa = PBXBuildFile; fileRef = 2F443A592119B57D00512BB8 /* ImportSingleton.swift */; };
		2F4C0CEB2132D67A00219567 /* PasswordLoginViewController.swift in Sources */ = {isa = PBXBuildFile; fileRef = 2F4C0CEA2132D67A00219567 /* PasswordLoginViewController.swift */; };
		2F4C0CED2132E21C00219567 /* KeychainAccess.framework in Frameworks */ = {isa = PBXBuildFile; fileRef = 2F4C0CEC2132E21C00219567 /* KeychainAccess.framework */; };
		2F4D31BE211A398D0046BC61 /* btn_moveDown@2x.png in Resources */ = {isa = PBXBuildFile; fileRef = 2F4D31BC211A398C0046BC61 /* btn_moveDown@2x.png */; };
		2F4D31BF211A398D0046BC61 /* btn_moveUp@2x.png in Resources */ = {isa = PBXBuildFile; fileRef = 2F4D31BD211A398D0046BC61 /* btn_moveUp@2x.png */; };
		2F4D31C2211A3ABB0046BC61 /* btn_moveUp@3x.png in Resources */ = {isa = PBXBuildFile; fileRef = 2F4D31C0211A3ABB0046BC61 /* btn_moveUp@3x.png */; };
		2F4D31C3211A3ABB0046BC61 /* btn_moveDown@3x.png in Resources */ = {isa = PBXBuildFile; fileRef = 2F4D31C1211A3ABB0046BC61 /* btn_moveDown@3x.png */; };
		2F4D31C6211A3AF60046BC61 /* btn_moveUp.png in Resources */ = {isa = PBXBuildFile; fileRef = 2F4D31C4211A3AF60046BC61 /* btn_moveUp.png */; };
		2F4D31C7211A3AF60046BC61 /* btn_moveDown.png in Resources */ = {isa = PBXBuildFile; fileRef = 2F4D31C5211A3AF60046BC61 /* btn_moveDown.png */; };
		2F679D282111D10500FDC1DB /* PopOverModalController.swift in Sources */ = {isa = PBXBuildFile; fileRef = 2F679D272111D10500FDC1DB /* PopOverModalController.swift */; };
		2F6CBD5B2108B7FC0026C858 /* EtherWallet+Tokens.swift in Sources */ = {isa = PBXBuildFile; fileRef = 2F6CBD5A2108B7FC0026C858 /* EtherWallet+Tokens.swift */; };
		2F6CBD622109005B0026C858 /* WalletCardViewController.swift in Sources */ = {isa = PBXBuildFile; fileRef = 2F6CBD612109005B0026C858 /* WalletCardViewController.swift */; };
		2F6CF99D210C6F070057A50C /* WalletContainerViewController.swift in Sources */ = {isa = PBXBuildFile; fileRef = 2F6CF99C210C6F070057A50C /* WalletContainerViewController.swift */; };
		2F72E28C2116E6DF001EAA2B /* AddTokenViewController.swift in Sources */ = {isa = PBXBuildFile; fileRef = 2F72E28B2116E6DF001EAA2B /* AddTokenViewController.swift */; };
		2F7678E8210B835B00919059 /* TransactionTableViewCell.swift in Sources */ = {isa = PBXBuildFile; fileRef = 2F7678E7210B835B00919059 /* TransactionTableViewCell.swift */; };
		2F7678EB210B840300919059 /* GradientHelper.swift in Sources */ = {isa = PBXBuildFile; fileRef = 2F7678EA210B840300919059 /* GradientHelper.swift */; };
		2F85FCF221199830002E988A /* bg_transparent@2x.png in Resources */ = {isa = PBXBuildFile; fileRef = 2F85FCF121199830002E988A /* bg_transparent@2x.png */; };
		2F85FCF421199C67002E988A /* WalletSettingsViewController.swift in Sources */ = {isa = PBXBuildFile; fileRef = 2F85FCF321199C67002E988A /* WalletSettingsViewController.swift */; };
		2F85FCF721199C88002E988A /* ColorViewController.swift in Sources */ = {isa = PBXBuildFile; fileRef = 2F85FCF621199C88002E988A /* ColorViewController.swift */; };
		2FA5E2F421197A8F00A4406E /* WalletDetail.storyboard in Resources */ = {isa = PBXBuildFile; fileRef = 2FA5E2F321197A8F00A4406E /* WalletDetail.storyboard */; };
		2FA5E2F621197ABF00A4406E /* TransactionHistory.storyboard in Resources */ = {isa = PBXBuildFile; fileRef = 2FA5E2F521197ABF00A4406E /* TransactionHistory.storyboard */; };
		2FA5E2F921197B6900A4406E /* ModalControllers.storyboard in Resources */ = {isa = PBXBuildFile; fileRef = 2FA5E2F821197B6900A4406E /* ModalControllers.storyboard */; };
		2FA5E2FB21197D8600A4406E /* Collectibles.storyboard in Resources */ = {isa = PBXBuildFile; fileRef = 2FA5E2FA21197D8600A4406E /* Collectibles.storyboard */; };
		2FA5E2FD211981B900A4406E /* ERC20Tokens.storyboard in Resources */ = {isa = PBXBuildFile; fileRef = 2FA5E2FC211981B900A4406E /* ERC20Tokens.storyboard */; };
		2FA5E3002119834800A4406E /* TokenStorage.swift in Sources */ = {isa = PBXBuildFile; fileRef = 2FA5E2FF2119834800A4406E /* TokenStorage.swift */; };
		2FB22EED212D5B4300672F0E /* UserPreferences.swift in Sources */ = {isa = PBXBuildFile; fileRef = 2FB22EEC212D5B4300672F0E /* UserPreferences.swift */; };
		2FBBDF20215AA73B00FC751D /* DotAPI.swift in Sources */ = {isa = PBXBuildFile; fileRef = 2FBBDF1F215AA73B00FC751D /* DotAPI.swift */; };
		2FBBDF22215AAF8100FC751D /* ConfigKeys.swift in Sources */ = {isa = PBXBuildFile; fileRef = 2FBBDF21215AAF8100FC751D /* ConfigKeys.swift */; };
		2FC9C1572125710A000EB023 /* HistoryStorage.swift in Sources */ = {isa = PBXBuildFile; fileRef = 2FC9C1562125710A000EB023 /* HistoryStorage.swift */; };
		2FC9C159212582C0000EB023 /* TransactionDetailViewController.swift in Sources */ = {isa = PBXBuildFile; fileRef = 2FC9C158212582C0000EB023 /* TransactionDetailViewController.swift */; };
		2FC9C15B21260085000EB023 /* icon_copy.png in Resources */ = {isa = PBXBuildFile; fileRef = 2FC9C15A21260085000EB023 /* icon_copy.png */; };
		2FE495D021569141007D2AD7 /* EtherWallet+GasEstimates.swift in Sources */ = {isa = PBXBuildFile; fileRef = 2FE495CF21569141007D2AD7 /* EtherWallet+GasEstimates.swift */; };
		2FE495D221569BD4007D2AD7 /* SendView.storyboard in Resources */ = {isa = PBXBuildFile; fileRef = 2FE495D121569BD4007D2AD7 /* SendView.storyboard */; };
		2FE75048210BC78C00AAD6E6 /* RoundButton.swift in Sources */ = {isa = PBXBuildFile; fileRef = 2FE75047210BC78C00AAD6E6 /* RoundButton.swift */; };
		2FE75050210BFD9200AAD6E6 /* icon_plus.png in Resources */ = {isa = PBXBuildFile; fileRef = 2FE75049210BFD9000AAD6E6 /* icon_plus.png */; };
		2FE75051210BFD9200AAD6E6 /* icon_tokens.png in Resources */ = {isa = PBXBuildFile; fileRef = 2FE7504A210BFD9000AAD6E6 /* icon_tokens.png */; };
		2FE75052210BFD9200AAD6E6 /* icon_send.png in Resources */ = {isa = PBXBuildFile; fileRef = 2FE7504B210BFD9100AAD6E6 /* icon_send.png */; };
		2FE75053210BFD9200AAD6E6 /* icon_circledot.png in Resources */ = {isa = PBXBuildFile; fileRef = 2FE7504C210BFD9100AAD6E6 /* icon_circledot.png */; };
		2FE75054210BFD9200AAD6E6 /* icon_dot.png in Resources */ = {isa = PBXBuildFile; fileRef = 2FE7504D210BFD9100AAD6E6 /* icon_dot.png */; };
		2FE75056210BFD9200AAD6E6 /* icon_transactions.png in Resources */ = {isa = PBXBuildFile; fileRef = 2FE7504F210BFD9100AAD6E6 /* icon_transactions.png */; };
		2FF4A303210F210800C9EB89 /* StringHelpers.swift in Sources */ = {isa = PBXBuildFile; fileRef = 2FF4A302210F210800C9EB89 /* StringHelpers.swift */; };
		2FF9D47021514B4100A747CB /* GoogleService-Info.plist in Resources */ = {isa = PBXBuildFile; fileRef = 2FF9D46F21514B4100A747CB /* GoogleService-Info.plist */; };
		2FF9D47221514E4500A747CB /* CreateCollectible.storyboard in Resources */ = {isa = PBXBuildFile; fileRef = 2FF9D47121514E4500A747CB /* CreateCollectible.storyboard */; };
		2FF9D47521514E6600A747CB /* CreateCollectibleViewController.swift in Sources */ = {isa = PBXBuildFile; fileRef = 2FF9D47421514E6600A747CB /* CreateCollectibleViewController.swift */; };
		2FF9D477215151F300A747CB /* MintConfirmViewController.swift in Sources */ = {isa = PBXBuildFile; fileRef = 2FF9D476215151F300A747CB /* MintConfirmViewController.swift */; };
		DFBF12152ACF0C100AFAA0C4 /* Pods_Dot_WalletUITests.framework in Frameworks */ = {isa = PBXBuildFile; fileRef = 17873D468537B1C8CB4EF2DF /* Pods_Dot_WalletUITests.framework */; };
		E450703040B27130D6EDC7AD /* Pods_Dot_WalletTests.framework in Frameworks */ = {isa = PBXBuildFile; fileRef = 5BA6F8401712A96C29B862DC /* Pods_Dot_WalletTests.framework */; };
/* End PBXBuildFile section */

/* Begin PBXContainerItemProxy section */
		2F0EFC8E21063938003EF740 /* PBXContainerItemProxy */ = {
			isa = PBXContainerItemProxy;
			containerPortal = 2F0EFC7121063937003EF740 /* Project object */;
			proxyType = 1;
			remoteGlobalIDString = 2F0EFC7821063937003EF740;
			remoteInfo = "Dot Wallet";
		};
		2F0EFC9921063938003EF740 /* PBXContainerItemProxy */ = {
			isa = PBXContainerItemProxy;
			containerPortal = 2F0EFC7121063937003EF740 /* Project object */;
			proxyType = 1;
			remoteGlobalIDString = 2F0EFC7821063937003EF740;
			remoteInfo = "Dot Wallet";
		};
/* End PBXContainerItemProxy section */

/* Begin PBXFileReference section */
		12E973F732A1E95934408745 /* Pods-Dot Wallet.release.xcconfig */ = {isa = PBXFileReference; includeInIndex = 1; lastKnownFileType = text.xcconfig; name = "Pods-Dot Wallet.release.xcconfig"; path = "Pods/Target Support Files/Pods-Dot Wallet/Pods-Dot Wallet.release.xcconfig"; sourceTree = "<group>"; };
		17873D468537B1C8CB4EF2DF /* Pods_Dot_WalletUITests.framework */ = {isa = PBXFileReference; explicitFileType = wrapper.framework; includeInIndex = 0; path = Pods_Dot_WalletUITests.framework; sourceTree = BUILT_PRODUCTS_DIR; };
		2C40B5E0169C1479E5C9125A /* Pods-Dot WalletUITests.release.xcconfig */ = {isa = PBXFileReference; includeInIndex = 1; lastKnownFileType = text.xcconfig; name = "Pods-Dot WalletUITests.release.xcconfig"; path = "Pods/Target Support Files/Pods-Dot WalletUITests/Pods-Dot WalletUITests.release.xcconfig"; sourceTree = "<group>"; };
		2F0EFC7921063937003EF740 /* Dot Wallet.app */ = {isa = PBXFileReference; explicitFileType = wrapper.application; includeInIndex = 0; path = "Dot Wallet.app"; sourceTree = BUILT_PRODUCTS_DIR; };
		2F0EFC7C21063937003EF740 /* AppDelegate.swift */ = {isa = PBXFileReference; lastKnownFileType = sourcecode.swift; path = AppDelegate.swift; sourceTree = "<group>"; };
		2F0EFC7E21063937003EF740 /* WalletHomeViewController.swift */ = {isa = PBXFileReference; lastKnownFileType = sourcecode.swift; path = WalletHomeViewController.swift; sourceTree = "<group>"; };
		2F0EFC8121063937003EF740 /* Base */ = {isa = PBXFileReference; lastKnownFileType = file.storyboard; name = Base; path = Base.lproj/Main.storyboard; sourceTree = "<group>"; };
		2F0EFC8321063938003EF740 /* Assets.xcassets */ = {isa = PBXFileReference; lastKnownFileType = folder.assetcatalog; path = Assets.xcassets; sourceTree = "<group>"; };
		2F0EFC8621063938003EF740 /* Base */ = {isa = PBXFileReference; lastKnownFileType = file.storyboard; name = Base; path = Base.lproj/LaunchScreen.storyboard; sourceTree = "<group>"; };
		2F0EFC8821063938003EF740 /* Info.plist */ = {isa = PBXFileReference; lastKnownFileType = text.plist.xml; path = Info.plist; sourceTree = "<group>"; };
		2F0EFC8D21063938003EF740 /* Dot WalletTests.xctest */ = {isa = PBXFileReference; explicitFileType = wrapper.cfbundle; includeInIndex = 0; path = "Dot WalletTests.xctest"; sourceTree = BUILT_PRODUCTS_DIR; };
		2F0EFC9121063938003EF740 /* Dot_WalletTests.swift */ = {isa = PBXFileReference; lastKnownFileType = sourcecode.swift; path = Dot_WalletTests.swift; sourceTree = "<group>"; };
		2F0EFC9321063938003EF740 /* Info.plist */ = {isa = PBXFileReference; lastKnownFileType = text.plist.xml; path = Info.plist; sourceTree = "<group>"; };
		2F0EFC9821063938003EF740 /* Dot WalletUITests.xctest */ = {isa = PBXFileReference; explicitFileType = wrapper.cfbundle; includeInIndex = 0; path = "Dot WalletUITests.xctest"; sourceTree = BUILT_PRODUCTS_DIR; };
		2F0EFC9C21063938003EF740 /* Dot_WalletUITests.swift */ = {isa = PBXFileReference; lastKnownFileType = sourcecode.swift; path = Dot_WalletUITests.swift; sourceTree = "<group>"; };
		2F0EFC9E21063938003EF740 /* Info.plist */ = {isa = PBXFileReference; lastKnownFileType = text.plist.xml; path = Info.plist; sourceTree = "<group>"; };
		2F0EFCAD210639E2003EF740 /* SendViewController.swift */ = {isa = PBXFileReference; fileEncoding = 4; lastKnownFileType = sourcecode.swift; path = SendViewController.swift; sourceTree = "<group>"; };
		2F0EFCAF2106FDF0003EF740 /* CreateWalletViewController.swift */ = {isa = PBXFileReference; lastKnownFileType = sourcecode.swift; path = CreateWalletViewController.swift; sourceTree = "<group>"; };
		2F0EFCB62106FE6E003EF740 /* WalletError.swift */ = {isa = PBXFileReference; fileEncoding = 4; lastKnownFileType = sourcecode.swift; path = WalletError.swift; sourceTree = "<group>"; };
		2F0EFCB72106FE6E003EF740 /* EtherWallet+Balance.swift */ = {isa = PBXFileReference; fileEncoding = 4; lastKnownFileType = sourcecode.swift; path = "EtherWallet+Balance.swift"; sourceTree = "<group>"; };
		2F0EFCB82106FE6E003EF740 /* EtherWallet+Transaction.swift */ = {isa = PBXFileReference; fileEncoding = 4; lastKnownFileType = sourcecode.swift; path = "EtherWallet+Transaction.swift"; sourceTree = "<group>"; };
		2F0EFCB92106FE6E003EF740 /* EtherWallet.swift */ = {isa = PBXFileReference; fileEncoding = 4; lastKnownFileType = sourcecode.swift; path = EtherWallet.swift; sourceTree = "<group>"; };
		2F0EFCBA2106FE6E003EF740 /* EtherWallet+Account.swift */ = {isa = PBXFileReference; fileEncoding = 4; lastKnownFileType = sourcecode.swift; path = "EtherWallet+Account.swift"; sourceTree = "<group>"; };
		2F0EFCBC2106FE6E003EF740 /* TransactionData.swift */ = {isa = PBXFileReference; fileEncoding = 4; lastKnownFileType = sourcecode.swift; path = TransactionData.swift; sourceTree = "<group>"; };
		2F0EFCBD2106FE6E003EF740 /* EthplorerAPIResponse.swift */ = {isa = PBXFileReference; fileEncoding = 4; lastKnownFileType = sourcecode.swift; path = EthplorerAPIResponse.swift; sourceTree = "<group>"; };
		2F0EFCBE2106FE6E003EF740 /* GasStationAPIResponse.swift */ = {isa = PBXFileReference; fileEncoding = 4; lastKnownFileType = sourcecode.swift; path = GasStationAPIResponse.swift; sourceTree = "<group>"; };
		2F0EFCBF2106FE6E003EF740 /* EtherscanAPIResponse.swift */ = {isa = PBXFileReference; fileEncoding = 4; lastKnownFileType = sourcecode.swift; path = EtherscanAPIResponse.swift; sourceTree = "<group>"; };
		2F0EFCCB21072E38003EF740 /* TransactionViewController.swift */ = {isa = PBXFileReference; lastKnownFileType = sourcecode.swift; path = TransactionViewController.swift; sourceTree = "<group>"; };
		2F0F2549213889260045F2D3 /* CollectibleDetailViewController.swift */ = {isa = PBXFileReference; lastKnownFileType = sourcecode.swift; path = CollectibleDetailViewController.swift; sourceTree = "<group>"; };
		2F0F254D21394D7A0045F2D3 /* btn_home.png */ = {isa = PBXFileReference; lastKnownFileType = image.png; path = btn_home.png; sourceTree = "<group>"; };
		2F0F254E21394D7B0045F2D3 /* btn_home@2x.png */ = {isa = PBXFileReference; lastKnownFileType = image.png; path = "btn_home@2x.png"; sourceTree = "<group>"; };
		2F0F254F21394D7C0045F2D3 /* btn_home@3x.png */ = {isa = PBXFileReference; lastKnownFileType = image.png; path = "btn_home@3x.png"; sourceTree = "<group>"; };
		2F11AA76210C89D200790BAF /* WalletPageViewController.swift */ = {isa = PBXFileReference; lastKnownFileType = sourcecode.swift; path = WalletPageViewController.swift; sourceTree = "<group>"; };
		2F11AA78210C8DBF00790BAF /* CollectibleListViewController.swift */ = {isa = PBXFileReference; lastKnownFileType = sourcecode.swift; path = CollectibleListViewController.swift; sourceTree = "<group>"; };
		2F11AA7A210C95F700790BAF /* TokenData.swift */ = {isa = PBXFileReference; lastKnownFileType = sourcecode.swift; path = TokenData.swift; sourceTree = "<group>"; };
		2F11AA7C210C9F7A00790BAF /* WalletDisplayContainer.swift */ = {isa = PBXFileReference; lastKnownFileType = sourcecode.swift; path = WalletDisplayContainer.swift; sourceTree = "<group>"; };
		2F11AA7E210CEA7A00790BAF /* icon_close_button.png */ = {isa = PBXFileReference; lastKnownFileType = image.png; path = icon_close_button.png; sourceTree = "<group>"; };
		2F11AA80210CEBA400790BAF /* ServiceTimer.swift */ = {isa = PBXFileReference; lastKnownFileType = sourcecode.swift; path = ServiceTimer.swift; sourceTree = "<group>"; };
		2F1F4E8721490CFA003FBF7E /* ImportWalletViewController.swift */ = {isa = PBXFileReference; lastKnownFileType = sourcecode.swift; path = ImportWalletViewController.swift; sourceTree = "<group>"; };
		2F1FB664211CE98100F2BB57 /* ERC20TokenDetailViewController.swift */ = {isa = PBXFileReference; lastKnownFileType = sourcecode.swift; path = ERC20TokenDetailViewController.swift; sourceTree = "<group>"; };
		2F1FB666211D855000F2BB57 /* UIImageColors.swift */ = {isa = PBXFileReference; lastKnownFileType = sourcecode.swift; path = UIImageColors.swift; sourceTree = "<group>"; };
		2F2033F921516BF900428586 /* DotCollectible.json */ = {isa = PBXFileReference; fileEncoding = 4; lastKnownFileType = text.json; path = DotCollectible.json; sourceTree = "<group>"; };
		2F2055702112FD54006C768E /* icon_qr.png */ = {isa = PBXFileReference; lastKnownFileType = image.png; path = icon_qr.png; sourceTree = "<group>"; };
		2F2055712112FD55006C768E /* icon_settings.png */ = {isa = PBXFileReference; lastKnownFileType = image.png; path = icon_settings.png; sourceTree = "<group>"; };
		2F2F74B221091E8200612CF4 /* TokenListViewController.swift */ = {isa = PBXFileReference; lastKnownFileType = sourcecode.swift; path = TokenListViewController.swift; sourceTree = "<group>"; };
		2F2F74B62109C48F00612CF4 /* icon_token_erc20.png */ = {isa = PBXFileReference; lastKnownFileType = image.png; path = icon_token_erc20.png; sourceTree = "<group>"; };
		2F3B3D242111064D00A4E651 /* ModalSlideOverViewcontroller.swift */ = {isa = PBXFileReference; lastKnownFileType = sourcecode.swift; path = ModalSlideOverViewcontroller.swift; sourceTree = "<group>"; };
		2F443A592119B57D00512BB8 /* ImportSingleton.swift */ = {isa = PBXFileReference; lastKnownFileType = sourcecode.swift; path = ImportSingleton.swift; sourceTree = "<group>"; };
		2F4C0CEA2132D67A00219567 /* PasswordLoginViewController.swift */ = {isa = PBXFileReference; lastKnownFileType = sourcecode.swift; path = PasswordLoginViewController.swift; sourceTree = "<group>"; };
		2F4C0CEC2132E21C00219567 /* KeychainAccess.framework */ = {isa = PBXFileReference; explicitFileType = wrapper.framework; path = KeychainAccess.framework; sourceTree = BUILT_PRODUCTS_DIR; };
		2F4D31BC211A398C0046BC61 /* btn_moveDown@2x.png */ = {isa = PBXFileReference; lastKnownFileType = image.png; path = "btn_moveDown@2x.png"; sourceTree = "<group>"; };
		2F4D31BD211A398D0046BC61 /* btn_moveUp@2x.png */ = {isa = PBXFileReference; lastKnownFileType = image.png; path = "btn_moveUp@2x.png"; sourceTree = "<group>"; };
		2F4D31C0211A3ABB0046BC61 /* btn_moveUp@3x.png */ = {isa = PBXFileReference; lastKnownFileType = image.png; path = "btn_moveUp@3x.png"; sourceTree = "<group>"; };
		2F4D31C1211A3ABB0046BC61 /* btn_moveDown@3x.png */ = {isa = PBXFileReference; lastKnownFileType = image.png; path = "btn_moveDown@3x.png"; sourceTree = "<group>"; };
		2F4D31C4211A3AF60046BC61 /* btn_moveUp.png */ = {isa = PBXFileReference; lastKnownFileType = image.png; path = btn_moveUp.png; sourceTree = "<group>"; };
		2F4D31C5211A3AF60046BC61 /* btn_moveDown.png */ = {isa = PBXFileReference; lastKnownFileType = image.png; path = btn_moveDown.png; sourceTree = "<group>"; };
		2F679D272111D10500FDC1DB /* PopOverModalController.swift */ = {isa = PBXFileReference; lastKnownFileType = sourcecode.swift; path = PopOverModalController.swift; sourceTree = "<group>"; };
		2F6CBD5A2108B7FC0026C858 /* EtherWallet+Tokens.swift */ = {isa = PBXFileReference; lastKnownFileType = sourcecode.swift; path = "EtherWallet+Tokens.swift"; sourceTree = "<group>"; };
		2F6CBD612109005B0026C858 /* WalletCardViewController.swift */ = {isa = PBXFileReference; lastKnownFileType = sourcecode.swift; path = WalletCardViewController.swift; sourceTree = "<group>"; };
		2F6CF99C210C6F070057A50C /* WalletContainerViewController.swift */ = {isa = PBXFileReference; lastKnownFileType = sourcecode.swift; path = WalletContainerViewController.swift; sourceTree = "<group>"; };
		2F72E28B2116E6DF001EAA2B /* AddTokenViewController.swift */ = {isa = PBXFileReference; lastKnownFileType = sourcecode.swift; path = AddTokenViewController.swift; sourceTree = "<group>"; };
		2F7678E7210B835B00919059 /* TransactionTableViewCell.swift */ = {isa = PBXFileReference; lastKnownFileType = sourcecode.swift; path = TransactionTableViewCell.swift; sourceTree = "<group>"; };
		2F7678EA210B840300919059 /* GradientHelper.swift */ = {isa = PBXFileReference; lastKnownFileType = sourcecode.swift; path = GradientHelper.swift; sourceTree = "<group>"; };
		2F85FCF121199830002E988A /* bg_transparent@2x.png */ = {isa = PBXFileReference; lastKnownFileType = image.png; path = "bg_transparent@2x.png"; sourceTree = "<group>"; };
		2F85FCF321199C67002E988A /* WalletSettingsViewController.swift */ = {isa = PBXFileReference; lastKnownFileType = sourcecode.swift; path = WalletSettingsViewController.swift; sourceTree = "<group>"; };
		2F85FCF621199C88002E988A /* ColorViewController.swift */ = {isa = PBXFileReference; lastKnownFileType = sourcecode.swift; path = ColorViewController.swift; sourceTree = "<group>"; };
		2FA5E2F321197A8F00A4406E /* WalletDetail.storyboard */ = {isa = PBXFileReference; lastKnownFileType = file.storyboard; path = WalletDetail.storyboard; sourceTree = "<group>"; };
		2FA5E2F521197ABF00A4406E /* TransactionHistory.storyboard */ = {isa = PBXFileReference; lastKnownFileType = file.storyboard; path = TransactionHistory.storyboard; sourceTree = "<group>"; };
		2FA5E2F821197B6900A4406E /* ModalControllers.storyboard */ = {isa = PBXFileReference; lastKnownFileType = file.storyboard; path = ModalControllers.storyboard; sourceTree = "<group>"; };
		2FA5E2FA21197D8600A4406E /* Collectibles.storyboard */ = {isa = PBXFileReference; lastKnownFileType = file.storyboard; path = Collectibles.storyboard; sourceTree = "<group>"; };
		2FA5E2FC211981B900A4406E /* ERC20Tokens.storyboard */ = {isa = PBXFileReference; lastKnownFileType = file.storyboard; path = ERC20Tokens.storyboard; sourceTree = "<group>"; };
		2FA5E2FF2119834800A4406E /* TokenStorage.swift */ = {isa = PBXFileReference; lastKnownFileType = sourcecode.swift; path = TokenStorage.swift; sourceTree = "<group>"; };
		2FB22EEC212D5B4300672F0E /* UserPreferences.swift */ = {isa = PBXFileReference; lastKnownFileType = sourcecode.swift; path = UserPreferences.swift; sourceTree = "<group>"; };
		2FBBDF1F215AA73B00FC751D /* DotAPI.swift */ = {isa = PBXFileReference; lastKnownFileType = sourcecode.swift; path = DotAPI.swift; sourceTree = "<group>"; };
		2FBBDF21215AAF8100FC751D /* ConfigKeys.swift */ = {isa = PBXFileReference; lastKnownFileType = sourcecode.swift; path = ConfigKeys.swift; sourceTree = "<group>"; };
		2FC9C1562125710A000EB023 /* HistoryStorage.swift */ = {isa = PBXFileReference; lastKnownFileType = sourcecode.swift; path = HistoryStorage.swift; sourceTree = "<group>"; };
		2FC9C158212582C0000EB023 /* TransactionDetailViewController.swift */ = {isa = PBXFileReference; lastKnownFileType = sourcecode.swift; path = TransactionDetailViewController.swift; sourceTree = "<group>"; };
		2FC9C15A21260085000EB023 /* icon_copy.png */ = {isa = PBXFileReference; lastKnownFileType = image.png; path = icon_copy.png; sourceTree = "<group>"; };
		2FE495CF21569141007D2AD7 /* EtherWallet+GasEstimates.swift */ = {isa = PBXFileReference; lastKnownFileType = sourcecode.swift; path = "EtherWallet+GasEstimates.swift"; sourceTree = "<group>"; };
		2FE495D121569BD4007D2AD7 /* SendView.storyboard */ = {isa = PBXFileReference; lastKnownFileType = file.storyboard; path = SendView.storyboard; sourceTree = "<group>"; };
		2FE75047210BC78C00AAD6E6 /* RoundButton.swift */ = {isa = PBXFileReference; lastKnownFileType = sourcecode.swift; path = RoundButton.swift; sourceTree = "<group>"; };
		2FE75049210BFD9000AAD6E6 /* icon_plus.png */ = {isa = PBXFileReference; lastKnownFileType = image.png; path = icon_plus.png; sourceTree = "<group>"; };
		2FE7504A210BFD9000AAD6E6 /* icon_tokens.png */ = {isa = PBXFileReference; lastKnownFileType = image.png; path = icon_tokens.png; sourceTree = "<group>"; };
		2FE7504B210BFD9100AAD6E6 /* icon_send.png */ = {isa = PBXFileReference; lastKnownFileType = image.png; path = icon_send.png; sourceTree = "<group>"; };
		2FE7504C210BFD9100AAD6E6 /* icon_circledot.png */ = {isa = PBXFileReference; lastKnownFileType = image.png; path = icon_circledot.png; sourceTree = "<group>"; };
		2FE7504D210BFD9100AAD6E6 /* icon_dot.png */ = {isa = PBXFileReference; lastKnownFileType = image.png; path = icon_dot.png; sourceTree = "<group>"; };
		2FE7504F210BFD9100AAD6E6 /* icon_transactions.png */ = {isa = PBXFileReference; lastKnownFileType = image.png; path = icon_transactions.png; sourceTree = "<group>"; };
		2FF4A302210F210800C9EB89 /* StringHelpers.swift */ = {isa = PBXFileReference; lastKnownFileType = sourcecode.swift; path = StringHelpers.swift; sourceTree = "<group>"; };
		2FF9D46F21514B4100A747CB /* GoogleService-Info.plist */ = {isa = PBXFileReference; fileEncoding = 4; lastKnownFileType = text.plist.xml; path = "GoogleService-Info.plist"; sourceTree = "<group>"; };
		2FF9D47121514E4500A747CB /* CreateCollectible.storyboard */ = {isa = PBXFileReference; lastKnownFileType = file.storyboard; path = CreateCollectible.storyboard; sourceTree = "<group>"; };
		2FF9D47421514E6600A747CB /* CreateCollectibleViewController.swift */ = {isa = PBXFileReference; lastKnownFileType = sourcecode.swift; path = CreateCollectibleViewController.swift; sourceTree = "<group>"; };
		2FF9D476215151F300A747CB /* MintConfirmViewController.swift */ = {isa = PBXFileReference; lastKnownFileType = sourcecode.swift; path = MintConfirmViewController.swift; sourceTree = "<group>"; };
		43B940DA664FC791F17688AD /* Pods-Dot Wallet.debug.xcconfig */ = {isa = PBXFileReference; includeInIndex = 1; lastKnownFileType = text.xcconfig; name = "Pods-Dot Wallet.debug.xcconfig"; path = "Pods/Target Support Files/Pods-Dot Wallet/Pods-Dot Wallet.debug.xcconfig"; sourceTree = "<group>"; };
		5BA6F8401712A96C29B862DC /* Pods_Dot_WalletTests.framework */ = {isa = PBXFileReference; explicitFileType = wrapper.framework; includeInIndex = 0; path = Pods_Dot_WalletTests.framework; sourceTree = BUILT_PRODUCTS_DIR; };
		A43F46B778D77C277DDBE130 /* Pods-Dot WalletTests.release.xcconfig */ = {isa = PBXFileReference; includeInIndex = 1; lastKnownFileType = text.xcconfig; name = "Pods-Dot WalletTests.release.xcconfig"; path = "Pods/Target Support Files/Pods-Dot WalletTests/Pods-Dot WalletTests.release.xcconfig"; sourceTree = "<group>"; };
		B3F25888F756D9BD751E1068 /* Pods-Dot WalletTests.debug.xcconfig */ = {isa = PBXFileReference; includeInIndex = 1; lastKnownFileType = text.xcconfig; name = "Pods-Dot WalletTests.debug.xcconfig"; path = "Pods/Target Support Files/Pods-Dot WalletTests/Pods-Dot WalletTests.debug.xcconfig"; sourceTree = "<group>"; };
		D5DDA9268F31B9E29C4F2A18 /* Pods_Dot_Wallet.framework */ = {isa = PBXFileReference; explicitFileType = wrapper.framework; includeInIndex = 0; path = Pods_Dot_Wallet.framework; sourceTree = BUILT_PRODUCTS_DIR; };
		FABD761D3CFEF9EFE0B28EF5 /* Pods-Dot WalletUITests.debug.xcconfig */ = {isa = PBXFileReference; includeInIndex = 1; lastKnownFileType = text.xcconfig; name = "Pods-Dot WalletUITests.debug.xcconfig"; path = "Pods/Target Support Files/Pods-Dot WalletUITests/Pods-Dot WalletUITests.debug.xcconfig"; sourceTree = "<group>"; };
/* End PBXFileReference section */

/* Begin PBXFrameworksBuildPhase section */
		2F0EFC7621063937003EF740 /* Frameworks */ = {
			isa = PBXFrameworksBuildPhase;
			buildActionMask = 2147483647;
			files = (
				2F4C0CED2132E21C00219567 /* KeychainAccess.framework in Frameworks */,
				06D26DBAE46EA9359F86AD05 /* Pods_Dot_Wallet.framework in Frameworks */,
			);
			runOnlyForDeploymentPostprocessing = 0;
		};
		2F0EFC8A21063938003EF740 /* Frameworks */ = {
			isa = PBXFrameworksBuildPhase;
			buildActionMask = 2147483647;
			files = (
				E450703040B27130D6EDC7AD /* Pods_Dot_WalletTests.framework in Frameworks */,
			);
			runOnlyForDeploymentPostprocessing = 0;
		};
		2F0EFC9521063938003EF740 /* Frameworks */ = {
			isa = PBXFrameworksBuildPhase;
			buildActionMask = 2147483647;
			files = (
				DFBF12152ACF0C100AFAA0C4 /* Pods_Dot_WalletUITests.framework in Frameworks */,
			);
			runOnlyForDeploymentPostprocessing = 0;
		};
/* End PBXFrameworksBuildPhase section */

/* Begin PBXGroup section */
		2F0EFC7021063937003EF740 = {
			isa = PBXGroup;
			children = (
				2F0EFC7B21063937003EF740 /* Dot Wallet */,
				2F0EFC9021063938003EF740 /* Dot WalletTests */,
				2F0EFC9B21063938003EF740 /* Dot WalletUITests */,
				2F0EFC7A21063937003EF740 /* Products */,
				59FCCE122EF5FD25E3AB61B4 /* Pods */,
				77AD07EA8E4FED0F64B2502B /* Frameworks */,
			);
			sourceTree = "<group>";
		};
		2F0EFC7A21063937003EF740 /* Products */ = {
			isa = PBXGroup;
			children = (
				2F0EFC7921063937003EF740 /* Dot Wallet.app */,
				2F0EFC8D21063938003EF740 /* Dot WalletTests.xctest */,
				2F0EFC9821063938003EF740 /* Dot WalletUITests.xctest */,
			);
			name = Products;
			sourceTree = "<group>";
		};
		2F0EFC7B21063937003EF740 /* Dot Wallet */ = {
			isa = PBXGroup;
			children = (
				2FBBDF21215AAF8100FC751D /* ConfigKeys.swift */,
				2F2033F921516BF900428586 /* DotCollectible.json */,
				2FF9D46F21514B4100A747CB /* GoogleService-Info.plist */,
				2F0EFC7C21063937003EF740 /* AppDelegate.swift */,
				2F0EFC8021063937003EF740 /* Main.storyboard */,
				2F0EFCAC210639E2003EF740 /* screens */,
				2F7678E2210B826B00919059 /* modals */,
				2F2F74B42109C38200612CF4 /* resources */,
				2F7678E3210B827400919059 /* helpers */,
				2F0EFC8321063938003EF740 /* Assets.xcassets */,
				2F0EFC8521063938003EF740 /* LaunchScreen.storyboard */,
				2F0EFC8821063938003EF740 /* Info.plist */,
			);
			path = "Dot Wallet";
			sourceTree = "<group>";
		};
		2F0EFC9021063938003EF740 /* Dot WalletTests */ = {
			isa = PBXGroup;
			children = (
				2F0EFC9121063938003EF740 /* Dot_WalletTests.swift */,
				2F0EFC9321063938003EF740 /* Info.plist */,
			);
			path = "Dot WalletTests";
			sourceTree = "<group>";
		};
		2F0EFC9B21063938003EF740 /* Dot WalletUITests */ = {
			isa = PBXGroup;
			children = (
				2F0EFC9C21063938003EF740 /* Dot_WalletUITests.swift */,
				2F0EFC9E21063938003EF740 /* Info.plist */,
			);
			path = "Dot WalletUITests";
			sourceTree = "<group>";
		};
		2F0EFCAC210639E2003EF740 /* screens */ = {
			isa = PBXGroup;
			children = (
				2F6CBD5D2108FFB00026C858 /* Intro */,
				2F6CBD5E2108FFBD0026C858 /* Wallet Core */,
				2F7678E6210B833F00919059 /* Wallet Display */,
				2F6CBD5C2108FF9B0026C858 /* Transact */,
				2F85FCF521199C6B002E988A /* Wallet Manage */,
				2F4C0CE72132D63F00219567 /* PasscodeVC */,
				2F443A592119B57D00512BB8 /* ImportSingleton.swift */,
			);
			path = screens;
			sourceTree = "<group>";
		};
		2F0EFCB12106FE6E003EF740 /* EtherKit */ = {
			isa = PBXGroup;
			children = (
				2F0EFCB52106FE6E003EF740 /* Wallet */,
				2F0EFCBB2106FE6E003EF740 /* Structure */,
			);
			name = EtherKit;
			path = "Dot Wallet/helpers/EtherKit";
			sourceTree = SOURCE_ROOT;
		};
		2F0EFCB52106FE6E003EF740 /* Wallet */ = {
			isa = PBXGroup;
			children = (
				2F0EFCB62106FE6E003EF740 /* WalletError.swift */,
				2F0EFCB72106FE6E003EF740 /* EtherWallet+Balance.swift */,
				2F0EFCB82106FE6E003EF740 /* EtherWallet+Transaction.swift */,
				2F0EFCB92106FE6E003EF740 /* EtherWallet.swift */,
				2F0EFCBA2106FE6E003EF740 /* EtherWallet+Account.swift */,
				2F6CBD5A2108B7FC0026C858 /* EtherWallet+Tokens.swift */,
				2FE495CF21569141007D2AD7 /* EtherWallet+GasEstimates.swift */,
			);
			path = Wallet;
			sourceTree = "<group>";
		};
		2F0EFCBB2106FE6E003EF740 /* Structure */ = {
			isa = PBXGroup;
			children = (
				2F0EFCBC2106FE6E003EF740 /* TransactionData.swift */,
				2F0EFCBD2106FE6E003EF740 /* EthplorerAPIResponse.swift */,
				2F0EFCBE2106FE6E003EF740 /* GasStationAPIResponse.swift */,
				2F0EFCBF2106FE6E003EF740 /* EtherscanAPIResponse.swift */,
				2F11AA7A210C95F700790BAF /* TokenData.swift */,
			);
			path = Structure;
			sourceTree = "<group>";
		};
		2F2F74B42109C38200612CF4 /* resources */ = {
			isa = PBXGroup;
			children = (
				2F2F74B52109C38F00612CF4 /* images */,
			);
			path = resources;
			sourceTree = "<group>";
		};
		2F2F74B52109C38F00612CF4 /* images */ = {
			isa = PBXGroup;
			children = (
				2F0F254D21394D7A0045F2D3 /* btn_home.png */,
				2F0F254E21394D7B0045F2D3 /* btn_home@2x.png */,
				2F0F254F21394D7C0045F2D3 /* btn_home@3x.png */,
				2FC9C15A21260085000EB023 /* icon_copy.png */,
				2F4D31C1211A3ABB0046BC61 /* btn_moveDown@3x.png */,
				2F4D31C5211A3AF60046BC61 /* btn_moveDown.png */,
				2F4D31C4211A3AF60046BC61 /* btn_moveUp.png */,
				2F4D31C0211A3ABB0046BC61 /* btn_moveUp@3x.png */,
				2F4D31BC211A398C0046BC61 /* btn_moveDown@2x.png */,
				2F4D31BD211A398D0046BC61 /* btn_moveUp@2x.png */,
				2F85FCF121199830002E988A /* bg_transparent@2x.png */,
				2F2055702112FD54006C768E /* icon_qr.png */,
				2F2055712112FD55006C768E /* icon_settings.png */,
				2F11AA7E210CEA7A00790BAF /* icon_close_button.png */,
				2FE7504C210BFD9100AAD6E6 /* icon_circledot.png */,
				2FE7504D210BFD9100AAD6E6 /* icon_dot.png */,
				2FE75049210BFD9000AAD6E6 /* icon_plus.png */,
				2FE7504B210BFD9100AAD6E6 /* icon_send.png */,
				2FE7504A210BFD9000AAD6E6 /* icon_tokens.png */,
				2FE7504F210BFD9100AAD6E6 /* icon_transactions.png */,
				2F2F74B62109C48F00612CF4 /* icon_token_erc20.png */,
			);
			path = images;
			sourceTree = "<group>";
		};
		2F4C0CE72132D63F00219567 /* PasscodeVC */ = {
			isa = PBXGroup;
			children = (
				2F4C0CEA2132D67A00219567 /* PasswordLoginViewController.swift */,
			);
			path = PasscodeVC;
			sourceTree = "<group>";
		};
		2F65C3E9210FB980008DC7A2 /* Token Page */ = {
			isa = PBXGroup;
			children = (
				2FA5E2FC211981B900A4406E /* ERC20Tokens.storyboard */,
				2F2F74B221091E8200612CF4 /* TokenListViewController.swift */,
				2F72E28B2116E6DF001EAA2B /* AddTokenViewController.swift */,
				2F1FB664211CE98100F2BB57 /* ERC20TokenDetailViewController.swift */,
			);
			path = "Token Page";
			sourceTree = "<group>";
		};
		2F6CBD5C2108FF9B0026C858 /* Transact */ = {
			isa = PBXGroup;
			children = (
				2F0EFCAD210639E2003EF740 /* SendViewController.swift */,
				2FE495D121569BD4007D2AD7 /* SendView.storyboard */,
			);
			path = Transact;
			sourceTree = "<group>";
		};
		2F6CBD5D2108FFB00026C858 /* Intro */ = {
			isa = PBXGroup;
			children = (
				2F0EFCAF2106FDF0003EF740 /* CreateWalletViewController.swift */,
				2F1F4E8721490CFA003FBF7E /* ImportWalletViewController.swift */,
			);
			path = Intro;
			sourceTree = "<group>";
		};
		2F6CBD5E2108FFBD0026C858 /* Wallet Core */ = {
			isa = PBXGroup;
			children = (
				2F0EFC7E21063937003EF740 /* WalletHomeViewController.swift */,
				2F6CBD612109005B0026C858 /* WalletCardViewController.swift */,
				2F11AA7C210C9F7A00790BAF /* WalletDisplayContainer.swift */,
			);
			path = "Wallet Core";
			sourceTree = "<group>";
		};
		2F7678E2210B826B00919059 /* modals */ = {
			isa = PBXGroup;
			children = (
				2F3B3D242111064D00A4E651 /* ModalSlideOverViewcontroller.swift */,
				2F679D272111D10500FDC1DB /* PopOverModalController.swift */,
				2FA5E2F821197B6900A4406E /* ModalControllers.storyboard */,
			);
			path = modals;
			sourceTree = "<group>";
		};
		2F7678E3210B827400919059 /* helpers */ = {
			isa = PBXGroup;
			children = (
				2FBBDF1E215AA72300FC751D /* API */,
				2FA5E2FE2119833800A4406E /* Storage */,
				2F7678E9210B83FA00919059 /* Visual */,
				2F0EFCB12106FE6E003EF740 /* EtherKit */,
			);
			path = helpers;
			sourceTree = "<group>";
		};
		2F7678E4210B830E00919059 /* TX History Page */ = {
			isa = PBXGroup;
			children = (
				2FA5E2F521197ABF00A4406E /* TransactionHistory.storyboard */,
				2F0EFCCB21072E38003EF740 /* TransactionViewController.swift */,
				2F7678E7210B835B00919059 /* TransactionTableViewCell.swift */,
				2FC9C158212582C0000EB023 /* TransactionDetailViewController.swift */,
			);
			path = "TX History Page";
			sourceTree = "<group>";
		};
		2F7678E6210B833F00919059 /* Wallet Display */ = {
			isa = PBXGroup;
			children = (
				2FA5E2F321197A8F00A4406E /* WalletDetail.storyboard */,
				2F6CF99C210C6F070057A50C /* WalletContainerViewController.swift */,
				2F11AA76210C89D200790BAF /* WalletPageViewController.swift */,
				2FA5E2F721197B3700A4406E /* Collectible Page */,
				2F65C3E9210FB980008DC7A2 /* Token Page */,
				2F7678E4210B830E00919059 /* TX History Page */,
			);
			path = "Wallet Display";
			sourceTree = "<group>";
		};
		2F7678E9210B83FA00919059 /* Visual */ = {
			isa = PBXGroup;
			children = (
				2F7678EA210B840300919059 /* GradientHelper.swift */,
				2FE75047210BC78C00AAD6E6 /* RoundButton.swift */,
				2F11AA80210CEBA400790BAF /* ServiceTimer.swift */,
				2FF4A302210F210800C9EB89 /* StringHelpers.swift */,
				2F1FB666211D855000F2BB57 /* UIImageColors.swift */,
			);
			path = Visual;
			sourceTree = "<group>";
		};
		2F85FCF521199C6B002E988A /* Wallet Manage */ = {
			isa = PBXGroup;
			children = (
				2F85FCF321199C67002E988A /* WalletSettingsViewController.swift */,
				2F85FCF621199C88002E988A /* ColorViewController.swift */,
			);
			path = "Wallet Manage";
			sourceTree = "<group>";
		};
		2FA5E2F721197B3700A4406E /* Collectible Page */ = {
			isa = PBXGroup;
			children = (
				2FF9D47321514E4D00A747CB /* CreateCollectibles */,
				2FA5E2FA21197D8600A4406E /* Collectibles.storyboard */,
				2F11AA78210C8DBF00790BAF /* CollectibleListViewController.swift */,
				2F0F2549213889260045F2D3 /* CollectibleDetailViewController.swift */,
			);
			path = "Collectible Page";
			sourceTree = "<group>";
		};
		2FA5E2FE2119833800A4406E /* Storage */ = {
			isa = PBXGroup;
			children = (
				2FA5E2FF2119834800A4406E /* TokenStorage.swift */,
				2FC9C1562125710A000EB023 /* HistoryStorage.swift */,
				2FB22EEC212D5B4300672F0E /* UserPreferences.swift */,
			);
			path = Storage;
			sourceTree = "<group>";
		};
		2FBBDF1E215AA72300FC751D /* API */ = {
			isa = PBXGroup;
			children = (
				2FBBDF1F215AA73B00FC751D /* DotAPI.swift */,
			);
			path = API;
			sourceTree = "<group>";
		};
		2FF9D47321514E4D00A747CB /* CreateCollectibles */ = {
			isa = PBXGroup;
			children = (
				2FF9D47121514E4500A747CB /* CreateCollectible.storyboard */,
				2FF9D476215151F300A747CB /* MintConfirmViewController.swift */,
				2FF9D47421514E6600A747CB /* CreateCollectibleViewController.swift */,
			);
			path = CreateCollectibles;
			sourceTree = "<group>";
		};
		59FCCE122EF5FD25E3AB61B4 /* Pods */ = {
			isa = PBXGroup;
			children = (
				43B940DA664FC791F17688AD /* Pods-Dot Wallet.debug.xcconfig */,
				12E973F732A1E95934408745 /* Pods-Dot Wallet.release.xcconfig */,
				B3F25888F756D9BD751E1068 /* Pods-Dot WalletTests.debug.xcconfig */,
				A43F46B778D77C277DDBE130 /* Pods-Dot WalletTests.release.xcconfig */,
				FABD761D3CFEF9EFE0B28EF5 /* Pods-Dot WalletUITests.debug.xcconfig */,
				2C40B5E0169C1479E5C9125A /* Pods-Dot WalletUITests.release.xcconfig */,
			);
			name = Pods;
			sourceTree = "<group>";
		};
		77AD07EA8E4FED0F64B2502B /* Frameworks */ = {
			isa = PBXGroup;
			children = (
				2F4C0CEC2132E21C00219567 /* KeychainAccess.framework */,
				D5DDA9268F31B9E29C4F2A18 /* Pods_Dot_Wallet.framework */,
				5BA6F8401712A96C29B862DC /* Pods_Dot_WalletTests.framework */,
				17873D468537B1C8CB4EF2DF /* Pods_Dot_WalletUITests.framework */,
			);
			name = Frameworks;
			sourceTree = "<group>";
		};
/* End PBXGroup section */

/* Begin PBXNativeTarget section */
		2F0EFC7821063937003EF740 /* Dot Wallet */ = {
			isa = PBXNativeTarget;
			buildConfigurationList = 2F0EFCA121063938003EF740 /* Build configuration list for PBXNativeTarget "Dot Wallet" */;
			buildPhases = (
				7BB63CAE043D1EEE99993845 /* [CP] Check Pods Manifest.lock */,
				2F0EFC7521063937003EF740 /* Sources */,
				2F0EFC7621063937003EF740 /* Frameworks */,
				2F0EFC7721063937003EF740 /* Resources */,
				24E11348699AC7245C553B0A /* [CP] Embed Pods Frameworks */,
			);
			buildRules = (
			);
			dependencies = (
			);
			name = "Dot Wallet";
			productName = "Dot Wallet";
			productReference = 2F0EFC7921063937003EF740 /* Dot Wallet.app */;
			productType = "com.apple.product-type.application";
		};
		2F0EFC8C21063938003EF740 /* Dot WalletTests */ = {
			isa = PBXNativeTarget;
			buildConfigurationList = 2F0EFCA421063938003EF740 /* Build configuration list for PBXNativeTarget "Dot WalletTests" */;
			buildPhases = (
				ED8E808DD4B21F070083FA4F /* [CP] Check Pods Manifest.lock */,
				2F0EFC8921063938003EF740 /* Sources */,
				2F0EFC8A21063938003EF740 /* Frameworks */,
				2F0EFC8B21063938003EF740 /* Resources */,
			);
			buildRules = (
			);
			dependencies = (
				2F0EFC8F21063938003EF740 /* PBXTargetDependency */,
			);
			name = "Dot WalletTests";
			productName = "Dot WalletTests";
			productReference = 2F0EFC8D21063938003EF740 /* Dot WalletTests.xctest */;
			productType = "com.apple.product-type.bundle.unit-test";
		};
		2F0EFC9721063938003EF740 /* Dot WalletUITests */ = {
			isa = PBXNativeTarget;
			buildConfigurationList = 2F0EFCA721063938003EF740 /* Build configuration list for PBXNativeTarget "Dot WalletUITests" */;
			buildPhases = (
				405F09B3B8157F079C914B83 /* [CP] Check Pods Manifest.lock */,
				2F0EFC9421063938003EF740 /* Sources */,
				2F0EFC9521063938003EF740 /* Frameworks */,
				2F0EFC9621063938003EF740 /* Resources */,
			);
			buildRules = (
			);
			dependencies = (
				2F0EFC9A21063938003EF740 /* PBXTargetDependency */,
			);
			name = "Dot WalletUITests";
			productName = "Dot WalletUITests";
			productReference = 2F0EFC9821063938003EF740 /* Dot WalletUITests.xctest */;
			productType = "com.apple.product-type.bundle.ui-testing";
		};
/* End PBXNativeTarget section */

/* Begin PBXProject section */
		2F0EFC7121063937003EF740 /* Project object */ = {
			isa = PBXProject;
			attributes = {
				LastSwiftUpdateCheck = 0940;
				LastUpgradeCheck = 0940;
				ORGANIZATIONNAME = "Ninth Industries";
				TargetAttributes = {
					2F0EFC7821063937003EF740 = {
						CreatedOnToolsVersion = 9.4.1;
					};
					2F0EFC8C21063938003EF740 = {
						CreatedOnToolsVersion = 9.4.1;
						TestTargetID = 2F0EFC7821063937003EF740;
					};
					2F0EFC9721063938003EF740 = {
						CreatedOnToolsVersion = 9.4.1;
						TestTargetID = 2F0EFC7821063937003EF740;
					};
				};
			};
			buildConfigurationList = 2F0EFC7421063937003EF740 /* Build configuration list for PBXProject "Dot Wallet" */;
			compatibilityVersion = "Xcode 9.3";
			developmentRegion = en;
			hasScannedForEncodings = 0;
			knownRegions = (
				en,
				Base,
			);
			mainGroup = 2F0EFC7021063937003EF740;
			productRefGroup = 2F0EFC7A21063937003EF740 /* Products */;
			projectDirPath = "";
			projectRoot = "";
			targets = (
				2F0EFC7821063937003EF740 /* Dot Wallet */,
				2F0EFC8C21063938003EF740 /* Dot WalletTests */,
				2F0EFC9721063938003EF740 /* Dot WalletUITests */,
			);
		};
/* End PBXProject section */

/* Begin PBXResourcesBuildPhase section */
		2F0EFC7721063937003EF740 /* Resources */ = {
			isa = PBXResourcesBuildPhase;
			buildActionMask = 2147483647;
			files = (
				2F4D31C6211A3AF60046BC61 /* btn_moveUp.png in Resources */,
				2FA5E2FD211981B900A4406E /* ERC20Tokens.storyboard in Resources */,
				2F2055722112FD55006C768E /* icon_qr.png in Resources */,
				2FE75050210BFD9200AAD6E6 /* icon_plus.png in Resources */,
				2F2033FA21516BF900428586 /* DotCollectible.json in Resources */,
				2F4D31C3211A3ABB0046BC61 /* btn_moveDown@3x.png in Resources */,
				2F4D31BF211A398D0046BC61 /* btn_moveUp@2x.png in Resources */,
				2FE75056210BFD9200AAD6E6 /* icon_transactions.png in Resources */,
				2FE75054210BFD9200AAD6E6 /* icon_dot.png in Resources */,
				2F0F255221394D7D0045F2D3 /* btn_home@3x.png in Resources */,
				2FE495D221569BD4007D2AD7 /* SendView.storyboard in Resources */,
				2F0F255021394D7D0045F2D3 /* btn_home.png in Resources */,
				2FE75052210BFD9200AAD6E6 /* icon_send.png in Resources */,
				2F2055732112FD55006C768E /* icon_settings.png in Resources */,
				2F85FCF221199830002E988A /* bg_transparent@2x.png in Resources */,
				2F0EFC8721063938003EF740 /* LaunchScreen.storyboard in Resources */,
				2FA5E2FB21197D8600A4406E /* Collectibles.storyboard in Resources */,
				2FF9D47221514E4500A747CB /* CreateCollectible.storyboard in Resources */,
				2F11AA7F210CEA7A00790BAF /* icon_close_button.png in Resources */,
				2FE75051210BFD9200AAD6E6 /* icon_tokens.png in Resources */,
				2FF9D47021514B4100A747CB /* GoogleService-Info.plist in Resources */,
				2F0EFC8421063938003EF740 /* Assets.xcassets in Resources */,
				2F0EFC8221063937003EF740 /* Main.storyboard in Resources */,
				2FA5E2F621197ABF00A4406E /* TransactionHistory.storyboard in Resources */,
				2FE75053210BFD9200AAD6E6 /* icon_circledot.png in Resources */,
				2F4D31C2211A3ABB0046BC61 /* btn_moveUp@3x.png in Resources */,
				2FA5E2F921197B6900A4406E /* ModalControllers.storyboard in Resources */,
				2F2F74B72109C48F00612CF4 /* icon_token_erc20.png in Resources */,
				2F4D31C7211A3AF60046BC61 /* btn_moveDown.png in Resources */,
				2F0F255121394D7D0045F2D3 /* btn_home@2x.png in Resources */,
				2F4D31BE211A398D0046BC61 /* btn_moveDown@2x.png in Resources */,
				2FA5E2F421197A8F00A4406E /* WalletDetail.storyboard in Resources */,
				2FC9C15B21260085000EB023 /* icon_copy.png in Resources */,
			);
			runOnlyForDeploymentPostprocessing = 0;
		};
		2F0EFC8B21063938003EF740 /* Resources */ = {
			isa = PBXResourcesBuildPhase;
			buildActionMask = 2147483647;
			files = (
			);
			runOnlyForDeploymentPostprocessing = 0;
		};
		2F0EFC9621063938003EF740 /* Resources */ = {
			isa = PBXResourcesBuildPhase;
			buildActionMask = 2147483647;
			files = (
			);
			runOnlyForDeploymentPostprocessing = 0;
		};
/* End PBXResourcesBuildPhase section */

/* Begin PBXShellScriptBuildPhase section */
		24E11348699AC7245C553B0A /* [CP] Embed Pods Frameworks */ = {
			isa = PBXShellScriptBuildPhase;
			buildActionMask = 2147483647;
			files = (
			);
			inputPaths = (
				"${SRCROOT}/Pods/Target Support Files/Pods-Dot Wallet/Pods-Dot Wallet-frameworks.sh",
				"${BUILT_PRODUCTS_DIR}/BigInt/BigInt.framework",
				"${BUILT_PRODUCTS_DIR}/Cache/Cache.framework",
				"${BUILT_PRODUCTS_DIR}/CryptoCurrencyKit/CryptoCurrencyKit.framework",
				"${BUILT_PRODUCTS_DIR}/CryptoSwift/CryptoSwift.framework",
				"${BUILT_PRODUCTS_DIR}/EFCountingLabel/EFCountingLabel.framework",
				"${BUILT_PRODUCTS_DIR}/GTMSessionFetcher/GTMSessionFetcher.framework",
				"${BUILT_PRODUCTS_DIR}/GoogleUtilities/GoogleUtilities.framework",
				"${BUILT_PRODUCTS_DIR}/Hero/Hero.framework",
				"${BUILT_PRODUCTS_DIR}/KeychainAccess/KeychainAccess.framework",
				"${BUILT_PRODUCTS_DIR}/PromiseKit/PromiseKit.framework",
				"${BUILT_PRODUCTS_DIR}/QRCode/QRCode.framework",
				"${BUILT_PRODUCTS_DIR}/QRCodeReader.swift/QRCodeReader.framework",
				"${BUILT_PRODUCTS_DIR}/Result/Result.framework",
				"${BUILT_PRODUCTS_DIR}/SipHash/SipHash.framework",
				"${BUILT_PRODUCTS_DIR}/SmileLock/SmileLock.framework",
				"${BUILT_PRODUCTS_DIR}/SwiftyJSON/SwiftyJSON.framework",
				"${BUILT_PRODUCTS_DIR}/Toast-Swift/Toast_Swift.framework",
				"${BUILT_PRODUCTS_DIR}/leveldb-library/leveldb.framework",
				"${BUILT_PRODUCTS_DIR}/nanopb/nanopb.framework",
				"${BUILT_PRODUCTS_DIR}/scrypt/scrypt.framework",
				"${BUILT_PRODUCTS_DIR}/secp256k1_ios/secp256k1_ios.framework",
				"${BUILT_PRODUCTS_DIR}/web3swift/web3swift.framework",
			);
			name = "[CP] Embed Pods Frameworks";
			outputPaths = (
				"${TARGET_BUILD_DIR}/${FRAMEWORKS_FOLDER_PATH}/BigInt.framework",
				"${TARGET_BUILD_DIR}/${FRAMEWORKS_FOLDER_PATH}/Cache.framework",
				"${TARGET_BUILD_DIR}/${FRAMEWORKS_FOLDER_PATH}/CryptoCurrencyKit.framework",
				"${TARGET_BUILD_DIR}/${FRAMEWORKS_FOLDER_PATH}/CryptoSwift.framework",
				"${TARGET_BUILD_DIR}/${FRAMEWORKS_FOLDER_PATH}/EFCountingLabel.framework",
				"${TARGET_BUILD_DIR}/${FRAMEWORKS_FOLDER_PATH}/GTMSessionFetcher.framework",
				"${TARGET_BUILD_DIR}/${FRAMEWORKS_FOLDER_PATH}/GoogleUtilities.framework",
				"${TARGET_BUILD_DIR}/${FRAMEWORKS_FOLDER_PATH}/Hero.framework",
				"${TARGET_BUILD_DIR}/${FRAMEWORKS_FOLDER_PATH}/KeychainAccess.framework",
				"${TARGET_BUILD_DIR}/${FRAMEWORKS_FOLDER_PATH}/PromiseKit.framework",
				"${TARGET_BUILD_DIR}/${FRAMEWORKS_FOLDER_PATH}/QRCode.framework",
				"${TARGET_BUILD_DIR}/${FRAMEWORKS_FOLDER_PATH}/QRCodeReader.framework",
				"${TARGET_BUILD_DIR}/${FRAMEWORKS_FOLDER_PATH}/Result.framework",
				"${TARGET_BUILD_DIR}/${FRAMEWORKS_FOLDER_PATH}/SipHash.framework",
				"${TARGET_BUILD_DIR}/${FRAMEWORKS_FOLDER_PATH}/SmileLock.framework",
				"${TARGET_BUILD_DIR}/${FRAMEWORKS_FOLDER_PATH}/SwiftyJSON.framework",
				"${TARGET_BUILD_DIR}/${FRAMEWORKS_FOLDER_PATH}/Toast_Swift.framework",
				"${TARGET_BUILD_DIR}/${FRAMEWORKS_FOLDER_PATH}/leveldb.framework",
				"${TARGET_BUILD_DIR}/${FRAMEWORKS_FOLDER_PATH}/nanopb.framework",
				"${TARGET_BUILD_DIR}/${FRAMEWORKS_FOLDER_PATH}/scrypt.framework",
				"${TARGET_BUILD_DIR}/${FRAMEWORKS_FOLDER_PATH}/secp256k1_ios.framework",
				"${TARGET_BUILD_DIR}/${FRAMEWORKS_FOLDER_PATH}/web3swift.framework",
			);
			runOnlyForDeploymentPostprocessing = 0;
			shellPath = /bin/sh;
			shellScript = "\"${SRCROOT}/Pods/Target Support Files/Pods-Dot Wallet/Pods-Dot Wallet-frameworks.sh\"\n";
			showEnvVarsInLog = 0;
		};
		405F09B3B8157F079C914B83 /* [CP] Check Pods Manifest.lock */ = {
			isa = PBXShellScriptBuildPhase;
			buildActionMask = 2147483647;
			files = (
			);
			inputPaths = (
				"${PODS_PODFILE_DIR_PATH}/Podfile.lock",
				"${PODS_ROOT}/Manifest.lock",
			);
			name = "[CP] Check Pods Manifest.lock";
			outputPaths = (
				"$(DERIVED_FILE_DIR)/Pods-Dot WalletUITests-checkManifestLockResult.txt",
			);
			runOnlyForDeploymentPostprocessing = 0;
			shellPath = /bin/sh;
			shellScript = "diff \"${PODS_PODFILE_DIR_PATH}/Podfile.lock\" \"${PODS_ROOT}/Manifest.lock\" > /dev/null\nif [ $? != 0 ] ; then\n    # print error to STDERR\n    echo \"error: The sandbox is not in sync with the Podfile.lock. Run 'pod install' or update your CocoaPods installation.\" >&2\n    exit 1\nfi\n# This output is used by Xcode 'outputs' to avoid re-running this script phase.\necho \"SUCCESS\" > \"${SCRIPT_OUTPUT_FILE_0}\"\n";
			showEnvVarsInLog = 0;
		};
		7BB63CAE043D1EEE99993845 /* [CP] Check Pods Manifest.lock */ = {
			isa = PBXShellScriptBuildPhase;
			buildActionMask = 2147483647;
			files = (
			);
			inputPaths = (
				"${PODS_PODFILE_DIR_PATH}/Podfile.lock",
				"${PODS_ROOT}/Manifest.lock",
			);
			name = "[CP] Check Pods Manifest.lock";
			outputPaths = (
				"$(DERIVED_FILE_DIR)/Pods-Dot Wallet-checkManifestLockResult.txt",
			);
			runOnlyForDeploymentPostprocessing = 0;
			shellPath = /bin/sh;
			shellScript = "diff \"${PODS_PODFILE_DIR_PATH}/Podfile.lock\" \"${PODS_ROOT}/Manifest.lock\" > /dev/null\nif [ $? != 0 ] ; then\n    # print error to STDERR\n    echo \"error: The sandbox is not in sync with the Podfile.lock. Run 'pod install' or update your CocoaPods installation.\" >&2\n    exit 1\nfi\n# This output is used by Xcode 'outputs' to avoid re-running this script phase.\necho \"SUCCESS\" > \"${SCRIPT_OUTPUT_FILE_0}\"\n";
			showEnvVarsInLog = 0;
		};
		ED8E808DD4B21F070083FA4F /* [CP] Check Pods Manifest.lock */ = {
			isa = PBXShellScriptBuildPhase;
			buildActionMask = 2147483647;
			files = (
			);
			inputPaths = (
				"${PODS_PODFILE_DIR_PATH}/Podfile.lock",
				"${PODS_ROOT}/Manifest.lock",
			);
			name = "[CP] Check Pods Manifest.lock";
			outputPaths = (
				"$(DERIVED_FILE_DIR)/Pods-Dot WalletTests-checkManifestLockResult.txt",
			);
			runOnlyForDeploymentPostprocessing = 0;
			shellPath = /bin/sh;
			shellScript = "diff \"${PODS_PODFILE_DIR_PATH}/Podfile.lock\" \"${PODS_ROOT}/Manifest.lock\" > /dev/null\nif [ $? != 0 ] ; then\n    # print error to STDERR\n    echo \"error: The sandbox is not in sync with the Podfile.lock. Run 'pod install' or update your CocoaPods installation.\" >&2\n    exit 1\nfi\n# This output is used by Xcode 'outputs' to avoid re-running this script phase.\necho \"SUCCESS\" > \"${SCRIPT_OUTPUT_FILE_0}\"\n";
			showEnvVarsInLog = 0;
		};
/* End PBXShellScriptBuildPhase section */

/* Begin PBXSourcesBuildPhase section */
		2F0EFC7521063937003EF740 /* Sources */ = {
			isa = PBXSourcesBuildPhase;
			buildActionMask = 2147483647;
			files = (
				2F72E28C2116E6DF001EAA2B /* AddTokenViewController.swift in Sources */,
				2F0EFC7F21063937003EF740 /* WalletHomeViewController.swift in Sources */,
				2F0F254A213889260045F2D3 /* CollectibleDetailViewController.swift in Sources */,
				2F0EFCCC21072E38003EF740 /* TransactionViewController.swift in Sources */,
				2FA5E3002119834800A4406E /* TokenStorage.swift in Sources */,
				2F6CBD622109005B0026C858 /* WalletCardViewController.swift in Sources */,
				2F1FB665211CE98100F2BB57 /* ERC20TokenDetailViewController.swift in Sources */,
				2F0EFCC62106FE6F003EF740 /* EtherWallet+Account.swift in Sources */,
				2F11AA7D210C9F7A00790BAF /* WalletDisplayContainer.swift in Sources */,
				2F85FCF421199C67002E988A /* WalletSettingsViewController.swift in Sources */,
				2F1F4E8821490CFA003FBF7E /* ImportWalletViewController.swift in Sources */,
				2FC9C1572125710A000EB023 /* HistoryStorage.swift in Sources */,
				2FE495D021569141007D2AD7 /* EtherWallet+GasEstimates.swift in Sources */,
				2FBBDF22215AAF8100FC751D /* ConfigKeys.swift in Sources */,
				2F0EFCC42106FE6F003EF740 /* EtherWallet+Transaction.swift in Sources */,
				2FF9D47521514E6600A747CB /* CreateCollectibleViewController.swift in Sources */,
				2F4C0CEB2132D67A00219567 /* PasswordLoginViewController.swift in Sources */,
				2F0EFC7D21063937003EF740 /* AppDelegate.swift in Sources */,
				2F0EFCC32106FE6F003EF740 /* EtherWallet+Balance.swift in Sources */,
				2F0EFCB02106FDF0003EF740 /* CreateWalletViewController.swift in Sources */,
				2FC9C159212582C0000EB023 /* TransactionDetailViewController.swift in Sources */,
				2F0EFCCA2106FE6F003EF740 /* EtherscanAPIResponse.swift in Sources */,
				2F3B3D252111064D00A4E651 /* ModalSlideOverViewcontroller.swift in Sources */,
				2F7678EB210B840300919059 /* GradientHelper.swift in Sources */,
				2F443A5A2119B57D00512BB8 /* ImportSingleton.swift in Sources */,
				2F7678E8210B835B00919059 /* TransactionTableViewCell.swift in Sources */,
				2F0EFCC72106FE6F003EF740 /* TransactionData.swift in Sources */,
				2F0EFCC52106FE6F003EF740 /* EtherWallet.swift in Sources */,
				2F11AA7B210C95F700790BAF /* TokenData.swift in Sources */,
				2F679D282111D10500FDC1DB /* PopOverModalController.swift in Sources */,
				2F85FCF721199C88002E988A /* ColorViewController.swift in Sources */,
				2F1FB667211D855000F2BB57 /* UIImageColors.swift in Sources */,
				2F11AA81210CEBA400790BAF /* ServiceTimer.swift in Sources */,
				2FF4A303210F210800C9EB89 /* StringHelpers.swift in Sources */,
				2F11AA79210C8DBF00790BAF /* CollectibleListViewController.swift in Sources */,
				2F0EFCC92106FE6F003EF740 /* GasStationAPIResponse.swift in Sources */,
				2F6CF99D210C6F070057A50C /* WalletContainerViewController.swift in Sources */,
				2F2F74B321091E8200612CF4 /* TokenListViewController.swift in Sources */,
				2F0EFCC82106FE6F003EF740 /* EthplorerAPIResponse.swift in Sources */,
				2FBBDF20215AA73B00FC751D /* DotAPI.swift in Sources */,
				2FE75048210BC78C00AAD6E6 /* RoundButton.swift in Sources */,
				2F0EFCC22106FE6F003EF740 /* WalletError.swift in Sources */,
				2F6CBD5B2108B7FC0026C858 /* EtherWallet+Tokens.swift in Sources */,
				2F11AA77210C89D200790BAF /* WalletPageViewController.swift in Sources */,
				2FB22EED212D5B4300672F0E /* UserPreferences.swift in Sources */,
				2F0EFCAE210639E2003EF740 /* SendViewController.swift in Sources */,
				2FF9D477215151F300A747CB /* MintConfirmViewController.swift in Sources */,
			);
			runOnlyForDeploymentPostprocessing = 0;
		};
		2F0EFC8921063938003EF740 /* Sources */ = {
			isa = PBXSourcesBuildPhase;
			buildActionMask = 2147483647;
			files = (
				2F0EFC9221063938003EF740 /* Dot_WalletTests.swift in Sources */,
			);
			runOnlyForDeploymentPostprocessing = 0;
		};
		2F0EFC9421063938003EF740 /* Sources */ = {
			isa = PBXSourcesBuildPhase;
			buildActionMask = 2147483647;
			files = (
				2F0EFC9D21063938003EF740 /* Dot_WalletUITests.swift in Sources */,
			);
			runOnlyForDeploymentPostprocessing = 0;
		};
/* End PBXSourcesBuildPhase section */

/* Begin PBXTargetDependency section */
		2F0EFC8F21063938003EF740 /* PBXTargetDependency */ = {
			isa = PBXTargetDependency;
			target = 2F0EFC7821063937003EF740 /* Dot Wallet */;
			targetProxy = 2F0EFC8E21063938003EF740 /* PBXContainerItemProxy */;
		};
		2F0EFC9A21063938003EF740 /* PBXTargetDependency */ = {
			isa = PBXTargetDependency;
			target = 2F0EFC7821063937003EF740 /* Dot Wallet */;
			targetProxy = 2F0EFC9921063938003EF740 /* PBXContainerItemProxy */;
		};
/* End PBXTargetDependency section */

/* Begin PBXVariantGroup section */
		2F0EFC8021063937003EF740 /* Main.storyboard */ = {
			isa = PBXVariantGroup;
			children = (
				2F0EFC8121063937003EF740 /* Base */,
			);
			name = Main.storyboard;
			sourceTree = "<group>";
		};
		2F0EFC8521063938003EF740 /* LaunchScreen.storyboard */ = {
			isa = PBXVariantGroup;
			children = (
				2F0EFC8621063938003EF740 /* Base */,
			);
			name = LaunchScreen.storyboard;
			sourceTree = "<group>";
		};
/* End PBXVariantGroup section */

/* Begin XCBuildConfiguration section */
		2F0EFC9F21063938003EF740 /* Debug */ = {
			isa = XCBuildConfiguration;
			buildSettings = {
				ALWAYS_SEARCH_USER_PATHS = NO;
				CLANG_ANALYZER_NONNULL = YES;
				CLANG_ANALYZER_NUMBER_OBJECT_CONVERSION = YES_AGGRESSIVE;
				CLANG_CXX_LANGUAGE_STANDARD = "gnu++14";
				CLANG_CXX_LIBRARY = "libc++";
				CLANG_ENABLE_MODULES = YES;
				CLANG_ENABLE_OBJC_ARC = YES;
				CLANG_ENABLE_OBJC_WEAK = YES;
				CLANG_WARN_BLOCK_CAPTURE_AUTORELEASING = YES;
				CLANG_WARN_BOOL_CONVERSION = YES;
				CLANG_WARN_COMMA = YES;
				CLANG_WARN_CONSTANT_CONVERSION = YES;
				CLANG_WARN_DEPRECATED_OBJC_IMPLEMENTATIONS = YES;
				CLANG_WARN_DIRECT_OBJC_ISA_USAGE = YES_ERROR;
				CLANG_WARN_DOCUMENTATION_COMMENTS = YES;
				CLANG_WARN_EMPTY_BODY = YES;
				CLANG_WARN_ENUM_CONVERSION = YES;
				CLANG_WARN_INFINITE_RECURSION = YES;
				CLANG_WARN_INT_CONVERSION = YES;
				CLANG_WARN_NON_LITERAL_NULL_CONVERSION = YES;
				CLANG_WARN_OBJC_IMPLICIT_RETAIN_SELF = YES;
				CLANG_WARN_OBJC_LITERAL_CONVERSION = YES;
				CLANG_WARN_OBJC_ROOT_CLASS = YES_ERROR;
				CLANG_WARN_RANGE_LOOP_ANALYSIS = YES;
				CLANG_WARN_STRICT_PROTOTYPES = YES;
				CLANG_WARN_SUSPICIOUS_MOVE = YES;
				CLANG_WARN_UNGUARDED_AVAILABILITY = YES_AGGRESSIVE;
				CLANG_WARN_UNREACHABLE_CODE = YES;
				CLANG_WARN__DUPLICATE_METHOD_MATCH = YES;
				CODE_SIGN_IDENTITY = "iPhone Developer";
				COPY_PHASE_STRIP = NO;
				DEBUG_INFORMATION_FORMAT = dwarf;
				ENABLE_STRICT_OBJC_MSGSEND = YES;
				ENABLE_TESTABILITY = YES;
				GCC_C_LANGUAGE_STANDARD = gnu11;
				GCC_DYNAMIC_NO_PIC = NO;
				GCC_NO_COMMON_BLOCKS = YES;
				GCC_OPTIMIZATION_LEVEL = 0;
				GCC_PREPROCESSOR_DEFINITIONS = (
					"DEBUG=1",
					"$(inherited)",
				);
				GCC_WARN_64_TO_32_BIT_CONVERSION = YES;
				GCC_WARN_ABOUT_RETURN_TYPE = YES_ERROR;
				GCC_WARN_UNDECLARED_SELECTOR = YES;
				GCC_WARN_UNINITIALIZED_AUTOS = YES_AGGRESSIVE;
				GCC_WARN_UNUSED_FUNCTION = YES;
				GCC_WARN_UNUSED_VARIABLE = YES;
				IPHONEOS_DEPLOYMENT_TARGET = 11.4;
				MTL_ENABLE_DEBUG_INFO = YES;
				ONLY_ACTIVE_ARCH = YES;
				SDKROOT = iphoneos;
				SWIFT_ACTIVE_COMPILATION_CONDITIONS = DEBUG;
				SWIFT_OPTIMIZATION_LEVEL = "-Onone";
			};
			name = Debug;
		};
		2F0EFCA021063938003EF740 /* Release */ = {
			isa = XCBuildConfiguration;
			buildSettings = {
				ALWAYS_SEARCH_USER_PATHS = NO;
				CLANG_ANALYZER_NONNULL = YES;
				CLANG_ANALYZER_NUMBER_OBJECT_CONVERSION = YES_AGGRESSIVE;
				CLANG_CXX_LANGUAGE_STANDARD = "gnu++14";
				CLANG_CXX_LIBRARY = "libc++";
				CLANG_ENABLE_MODULES = YES;
				CLANG_ENABLE_OBJC_ARC = YES;
				CLANG_ENABLE_OBJC_WEAK = YES;
				CLANG_WARN_BLOCK_CAPTURE_AUTORELEASING = YES;
				CLANG_WARN_BOOL_CONVERSION = YES;
				CLANG_WARN_COMMA = YES;
				CLANG_WARN_CONSTANT_CONVERSION = YES;
				CLANG_WARN_DEPRECATED_OBJC_IMPLEMENTATIONS = YES;
				CLANG_WARN_DIRECT_OBJC_ISA_USAGE = YES_ERROR;
				CLANG_WARN_DOCUMENTATION_COMMENTS = YES;
				CLANG_WARN_EMPTY_BODY = YES;
				CLANG_WARN_ENUM_CONVERSION = YES;
				CLANG_WARN_INFINITE_RECURSION = YES;
				CLANG_WARN_INT_CONVERSION = YES;
				CLANG_WARN_NON_LITERAL_NULL_CONVERSION = YES;
				CLANG_WARN_OBJC_IMPLICIT_RETAIN_SELF = YES;
				CLANG_WARN_OBJC_LITERAL_CONVERSION = YES;
				CLANG_WARN_OBJC_ROOT_CLASS = YES_ERROR;
				CLANG_WARN_RANGE_LOOP_ANALYSIS = YES;
				CLANG_WARN_STRICT_PROTOTYPES = YES;
				CLANG_WARN_SUSPICIOUS_MOVE = YES;
				CLANG_WARN_UNGUARDED_AVAILABILITY = YES_AGGRESSIVE;
				CLANG_WARN_UNREACHABLE_CODE = YES;
				CLANG_WARN__DUPLICATE_METHOD_MATCH = YES;
				CODE_SIGN_IDENTITY = "iPhone Developer";
				COPY_PHASE_STRIP = NO;
				DEBUG_INFORMATION_FORMAT = "dwarf-with-dsym";
				ENABLE_NS_ASSERTIONS = NO;
				ENABLE_STRICT_OBJC_MSGSEND = YES;
				GCC_C_LANGUAGE_STANDARD = gnu11;
				GCC_NO_COMMON_BLOCKS = YES;
				GCC_WARN_64_TO_32_BIT_CONVERSION = YES;
				GCC_WARN_ABOUT_RETURN_TYPE = YES_ERROR;
				GCC_WARN_UNDECLARED_SELECTOR = YES;
				GCC_WARN_UNINITIALIZED_AUTOS = YES_AGGRESSIVE;
				GCC_WARN_UNUSED_FUNCTION = YES;
				GCC_WARN_UNUSED_VARIABLE = YES;
				IPHONEOS_DEPLOYMENT_TARGET = 11.4;
				MTL_ENABLE_DEBUG_INFO = NO;
				SDKROOT = iphoneos;
				SWIFT_COMPILATION_MODE = wholemodule;
				SWIFT_OPTIMIZATION_LEVEL = "-O";
				VALIDATE_PRODUCT = YES;
			};
			name = Release;
		};
		2F0EFCA221063938003EF740 /* Debug */ = {
			isa = XCBuildConfiguration;
			baseConfigurationReference = 43B940DA664FC791F17688AD /* Pods-Dot Wallet.debug.xcconfig */;
			buildSettings = {
				ASSETCATALOG_COMPILER_APPICON_NAME = AppIcon;
				CODE_SIGN_STYLE = Automatic;
				DEVELOPMENT_TEAM = L2VDMMX4A7;
				INFOPLIST_FILE = "Dot Wallet/Info.plist";
				IPHONEOS_DEPLOYMENT_TARGET = 10.0;
				LD_RUNPATH_SEARCH_PATHS = (
					"$(inherited)",
					"@executable_path/Frameworks",
				);
				PRODUCT_BUNDLE_IDENTIFIER = com.frankyaguilar.dotwallet;
				PRODUCT_NAME = "$(TARGET_NAME)";
				SWIFT_VERSION = 4.0;
				TARGETED_DEVICE_FAMILY = 1;
			};
			name = Debug;
		};
		2F0EFCA321063938003EF740 /* Release */ = {
			isa = XCBuildConfiguration;
			baseConfigurationReference = 12E973F732A1E95934408745 /* Pods-Dot Wallet.release.xcconfig */;
			buildSettings = {
				ASSETCATALOG_COMPILER_APPICON_NAME = AppIcon;
				CODE_SIGN_STYLE = Automatic;
				DEVELOPMENT_TEAM = L2VDMMX4A7;
				INFOPLIST_FILE = "Dot Wallet/Info.plist";
				IPHONEOS_DEPLOYMENT_TARGET = 10.0;
				LD_RUNPATH_SEARCH_PATHS = (
					"$(inherited)",
					"@executable_path/Frameworks",
				);
				PRODUCT_BUNDLE_IDENTIFIER = com.frankyaguilar.dotwallet;
				PRODUCT_NAME = "$(TARGET_NAME)";
				SWIFT_VERSION = 4.0;
				TARGETED_DEVICE_FAMILY = 1;
			};
			name = Release;
		};
		2F0EFCA521063938003EF740 /* Debug */ = {
			isa = XCBuildConfiguration;
			baseConfigurationReference = B3F25888F756D9BD751E1068 /* Pods-Dot WalletTests.debug.xcconfig */;
			buildSettings = {
				ALWAYS_EMBED_SWIFT_STANDARD_LIBRARIES = YES;
				BUNDLE_LOADER = "$(TEST_HOST)";
				CODE_SIGN_STYLE = Automatic;
				DEVELOPMENT_TEAM = L4843RP2R9;
				INFOPLIST_FILE = "Dot WalletTests/Info.plist";
				LD_RUNPATH_SEARCH_PATHS = (
					"$(inherited)",
					"@executable_path/Frameworks",
					"@loader_path/Frameworks",
				);
				PRODUCT_BUNDLE_IDENTIFIER = "com.ninthindustry.Dot-WalletTests";
				PRODUCT_NAME = "$(TARGET_NAME)";
				SWIFT_VERSION = 4.0;
				TARGETED_DEVICE_FAMILY = "1,2";
				TEST_HOST = "$(BUILT_PRODUCTS_DIR)/Dot Wallet.app/Dot Wallet";
			};
			name = Debug;
		};
		2F0EFCA621063938003EF740 /* Release */ = {
			isa = XCBuildConfiguration;
			baseConfigurationReference = A43F46B778D77C277DDBE130 /* Pods-Dot WalletTests.release.xcconfig */;
			buildSettings = {
				ALWAYS_EMBED_SWIFT_STANDARD_LIBRARIES = YES;
				BUNDLE_LOADER = "$(TEST_HOST)";
				CODE_SIGN_STYLE = Automatic;
				DEVELOPMENT_TEAM = L4843RP2R9;
				INFOPLIST_FILE = "Dot WalletTests/Info.plist";
				LD_RUNPATH_SEARCH_PATHS = (
					"$(inherited)",
					"@executable_path/Frameworks",
					"@loader_path/Frameworks",
				);
				PRODUCT_BUNDLE_IDENTIFIER = "com.ninthindustry.Dot-WalletTests";
				PRODUCT_NAME = "$(TARGET_NAME)";
				SWIFT_VERSION = 4.0;
				TARGETED_DEVICE_FAMILY = "1,2";
				TEST_HOST = "$(BUILT_PRODUCTS_DIR)/Dot Wallet.app/Dot Wallet";
			};
			name = Release;
		};
		2F0EFCA821063938003EF740 /* Debug */ = {
			isa = XCBuildConfiguration;
			baseConfigurationReference = FABD761D3CFEF9EFE0B28EF5 /* Pods-Dot WalletUITests.debug.xcconfig */;
			buildSettings = {
				ALWAYS_EMBED_SWIFT_STANDARD_LIBRARIES = YES;
				CODE_SIGN_STYLE = Automatic;
				DEVELOPMENT_TEAM = L4843RP2R9;
				INFOPLIST_FILE = "Dot WalletUITests/Info.plist";
				LD_RUNPATH_SEARCH_PATHS = (
					"$(inherited)",
					"@executable_path/Frameworks",
					"@loader_path/Frameworks",
				);
				PRODUCT_BUNDLE_IDENTIFIER = "com.ninthindustry.Dot-WalletUITests";
				PRODUCT_NAME = "$(TARGET_NAME)";
				SWIFT_VERSION = 4.0;
				TARGETED_DEVICE_FAMILY = "1,2";
				TEST_TARGET_NAME = "Dot Wallet";
			};
			name = Debug;
		};
		2F0EFCA921063938003EF740 /* Release */ = {
			isa = XCBuildConfiguration;
			baseConfigurationReference = 2C40B5E0169C1479E5C9125A /* Pods-Dot WalletUITests.release.xcconfig */;
			buildSettings = {
				ALWAYS_EMBED_SWIFT_STANDARD_LIBRARIES = YES;
				CODE_SIGN_STYLE = Automatic;
				DEVELOPMENT_TEAM = L4843RP2R9;
				INFOPLIST_FILE = "Dot WalletUITests/Info.plist";
				LD_RUNPATH_SEARCH_PATHS = (
					"$(inherited)",
					"@executable_path/Frameworks",
					"@loader_path/Frameworks",
				);
				PRODUCT_BUNDLE_IDENTIFIER = "com.ninthindustry.Dot-WalletUITests";
				PRODUCT_NAME = "$(TARGET_NAME)";
				SWIFT_VERSION = 4.0;
				TARGETED_DEVICE_FAMILY = "1,2";
				TEST_TARGET_NAME = "Dot Wallet";
			};
			name = Release;
		};
/* End XCBuildConfiguration section */

/* Begin XCConfigurationList section */
		2F0EFC7421063937003EF740 /* Build configuration list for PBXProject "Dot Wallet" */ = {
			isa = XCConfigurationList;
			buildConfigurations = (
				2F0EFC9F21063938003EF740 /* Debug */,
				2F0EFCA021063938003EF740 /* Release */,
			);
			defaultConfigurationIsVisible = 0;
			defaultConfigurationName = Release;
		};
		2F0EFCA121063938003EF740 /* Build configuration list for PBXNativeTarget "Dot Wallet" */ = {
			isa = XCConfigurationList;
			buildConfigurations = (
				2F0EFCA221063938003EF740 /* Debug */,
				2F0EFCA321063938003EF740 /* Release */,
			);
			defaultConfigurationIsVisible = 0;
			defaultConfigurationName = Release;
		};
		2F0EFCA421063938003EF740 /* Build configuration list for PBXNativeTarget "Dot WalletTests" */ = {
			isa = XCConfigurationList;
			buildConfigurations = (
				2F0EFCA521063938003EF740 /* Debug */,
				2F0EFCA621063938003EF740 /* Release */,
			);
			defaultConfigurationIsVisible = 0;
			defaultConfigurationName = Release;
		};
		2F0EFCA721063938003EF740 /* Build configuration list for PBXNativeTarget "Dot WalletUITests" */ = {
			isa = XCConfigurationList;
			buildConfigurations = (
				2F0EFCA821063938003EF740 /* Debug */,
				2F0EFCA921063938003EF740 /* Release */,
			);
			defaultConfigurationIsVisible = 0;
			defaultConfigurationName = Release;
		};
/* End XCConfigurationList section */
	};
	rootObject = 2F0EFC7121063937003EF740 /* Project object */;
}
